
Microsoft Visual Studio Solution File, Format Version 12.00
# Visual Studio Version 16
VisualStudioVersion = 16.0.33801.447
MinimumVisualStudioVersion = 10.0.40219.1
Project("{9A19103F-16F7-4668-BE54-9A1E7A4F7556}") = "JobApplicationLibrary", "JobApplicationLibrary\JobApplicationLibrary.csproj", "{D800A4C4-7094-470A-87E4-35DA45046871}"
EndProject
Project("{9A19103F-16F7-4668-BE54-9A1E7A4F7556}") = "JobApplicationLibrary.UnitTest", "JobApplicationLibrary.UnitTest\JobApplicationLibrary.UnitTest.csproj", "{7A018149-37B9-4360-8C2C-04ECB2DDD781}"
EndProject
Global
	GlobalSection(SolutionConfigurationPlatforms) = preSolution
		Debug|Any CPU = Debug|Any CPU
		Release|Any CPU = Release|Any CPU
	EndGlobalSection
	GlobalSection(ProjectConfigurationPlatforms) = postSolution
		{D800A4C4-7094-470A-87E4-35DA45046871}.Debug|Any CPU.ActiveCfg = Debug|Any CPU
		{D800A4C4-7094-470A-87E4-35DA45046871}.Debug|Any CPU.Build.0 = Debug|Any CPU
		{D800A4C4-7094-470A-87E4-35DA45046871}.Release|Any CPU.ActiveCfg = Release|Any CPU
		{D800A4C4-7094-470A-87E4-35DA45046871}.Release|Any CPU.Build.0 = Release|Any CPU
		{7A018149-37B9-4360-8C2C-04ECB2DDD781}.Debug|Any CPU.ActiveCfg = Debug|Any CPU
		{7A018149-37B9-4360-8C2C-04ECB2DDD781}.Debug|Any CPU.Build.0 = Debug|Any CPU
		{7A018149-37B9-4360-8C2C-04ECB2DDD781}.Release|Any CPU.ActiveCfg = Release|Any CPU
		{7A018149-37B9-4360-8C2C-04ECB2DDD781}.Release|Any CPU.Build.0 = Release|Any CPU
	EndGlobalSection
	GlobalSection(SolutionProperties) = preSolution
		HideSolutionNode = FALSE
	EndGlobalSection
	GlobalSection(ExtensibilityGlobals) = postSolution
		SolutionGuid = {E04FE751-DBC4-4264-802F-2D0081BBA42C}
	EndGlobalSection
EndGlobal
